{
  "name": "opencli-plugin-moyu",
  "version": "1.0.0",
  "lockfileVersion": 3,
  "requires": true,
  "packages": {
    "": {
      "name": "opencli-plugin-moyu",
      "version": "1.0.0",
      "license": "MIT"
    },
    "../OpenCLI-main": {
      "name": "@jackwener/opencli",
      "version": "1.8.3",
      "extraneous": true,
      "hasInstallScript": true,
      "license": "Apache-2.0",
      "dependencies": {
        "@mozilla/readability": "^0.6.0",
        "cli-table3": "^0.6.5",
        "commander": "^14.0.3",
        "js-yaml": "^4.1.0",
        "turndown": "^7.2.2",
        "turndown-plugin-gfm": "^1.0.2",
        "undici": "^6.25.0",
        "ws": "^8.18.0"
      },
      "bin": {
        "opencli": "dist/src/main.js"
      },
      "devDependencies": {
        "@types/js-yaml": "^4.0.9",
        "@types/jsdom": "^27.0.0",
        "@types/node": "^25.5.2",
        "@types/turndown": "^5.0.6",
        "@types/ws": "^8.5.13",
        "jsdom": "^29.0.2",
        "tsx": "^4.19.3",
        "typescript": "^6.0.2",
        "vitepress": "^1.6.4",
        "vitest": "^4.1.0"
      },
      "engines": {
        "node": ">=20.0.0"
      }
    }
  }
}
